
Microsoft Visual Studio Solution File, Format Version 12.00
# Visual Studio 2013
VisualStudioVersion = 12.0.40418.0
MinimumVisualStudioVersion = 10.0.40219.1
Project("{FAE04EC0-301F-11D3-BF4B-00C04F79EFBC}") = "Nayoo.Business", "Nayoo.Business\Nayoo.Business.csproj", "{537F8457-A4B0-4304-AA05-CFC64C306018}"
EndProject
Project("{FAE04EC0-301F-11D3-BF4B-00C04F79EFBC}") = "Nayoo.Data", "Nayoo.Data\Nayoo.Data.csproj", "{05D81E75-EF1E-454F-B42D-7EA99FCD0C3F}"
EndProject
Project("{FAE04EC0-301F-11D3-BF4B-00C04F79EFBC}") = "Nayoo.APIs", "Nayoo.APIs\Nayoo.APIs.csproj", "{2A87CB2A-AC16-4DE2-8485-D190353C3857}"
EndProject
Project("{FAE04EC0-301F-11D3-BF4B-00C04F79EFBC}") = "Nayoo.APIs.Tests", "Nayoo.APIs.Tests\Nayoo.APIs.Tests.csproj", "{ACF6F021-EFA7-4B5F-9DCD-29A2E0F8AFD8}"
EndProject
Global
	GlobalSection(SolutionConfigurationPlatforms) = preSolution
		Debug|Any CPU = Debug|Any CPU
		Release|Any CPU = Release|Any CPU
	EndGlobalSection
	GlobalSection(ProjectConfigurationPlatforms) = postSolution
		{537F8457-A4B0-4304-AA05-CFC64C306018}.Debug|Any CPU.ActiveCfg = Debug|Any CPU
		{537F8457-A4B0-4304-AA05-CFC64C306018}.Debug|Any CPU.Build.0 = Debug|Any CPU
		{537F8457-A4B0-4304-AA05-CFC64C306018}.Release|Any CPU.ActiveCfg = Release|Any CPU
		{537F8457-A4B0-4304-AA05-CFC64C306018}.Release|Any CPU.Build.0 = Release|Any CPU
		{05D81E75-EF1E-454F-B42D-7EA99FCD0C3F}.Debug|Any CPU.ActiveCfg = Debug|Any CPU
		{05D81E75-EF1E-454F-B42D-7EA99FCD0C3F}.Debug|Any CPU.Build.0 = Debug|Any CPU
		{05D81E75-EF1E-454F-B42D-7EA99FCD0C3F}.Release|Any CPU.ActiveCfg = Release|Any CPU
		{05D81E75-EF1E-454F-B42D-7EA99FCD0C3F}.Release|Any CPU.Build.0 = Release|Any CPU
		{2A87CB2A-AC16-4DE2-8485-D190353C3857}.Debug|Any CPU.ActiveCfg = Debug|Any CPU
		{2A87CB2A-AC16-4DE2-8485-D190353C3857}.Debug|Any CPU.Build.0 = Debug|Any CPU
		{2A87CB2A-AC16-4DE2-8485-D190353C3857}.Release|Any CPU.ActiveCfg = Release|Any CPU
		{2A87CB2A-AC16-4DE2-8485-D190353C3857}.Release|Any CPU.Build.0 = Release|Any CPU
		{ACF6F021-EFA7-4B5F-9DCD-29A2E0F8AFD8}.Debug|Any CPU.ActiveCfg = Debug|Any CPU
		{ACF6F021-EFA7-4B5F-9DCD-29A2E0F8AFD8}.Debug|Any CPU.Build.0 = Debug|Any CPU
		{ACF6F021-EFA7-4B5F-9DCD-29A2E0F8AFD8}.Release|Any CPU.ActiveCfg = Release|Any CPU
		{ACF6F021-EFA7-4B5F-9DCD-29A2E0F8AFD8}.Release|Any CPU.Build.0 = Release|Any CPU
	EndGlobalSection
	GlobalSection(SolutionProperties) = preSolution
		HideSolutionNode = FALSE
	EndGlobalSection
EndGlobal
